
Microsoft Visual Studio Solution File, Format Version 12.00
# Visual Studio 2012
Project("{FAE04EC0-301F-11D3-BF4B-00C04F79EFBC}") = "MusicCompositionHelper", "MusicCompositionHelper\MusicCompositionHelper.csproj", "{1454808A-8CB5-49DA-A4C4-DC9DBB1A39E3}"
EndProject
Global
	GlobalSection(SolutionConfigurationPlatforms) = preSolution
		Debug|Any CPU = Debug|Any CPU
		Release|Any CPU = Release|Any CPU
	EndGlobalSection
	GlobalSection(ProjectConfigurationPlatforms) = postSolution
		{1454808A-8CB5-49DA-A4C4-DC9DBB1A39E3}.Debug|Any CPU.ActiveCfg = Debug|Any CPU
		{1454808A-8CB5-49DA-A4C4-DC9DBB1A39E3}.Debug|Any CPU.Build.0 = Debug|Any CPU
		{1454808A-8CB5-49DA-A4C4-DC9DBB1A39E3}.Release|Any CPU.ActiveCfg = Release|Any CPU
		{1454808A-8CB5-49DA-A4C4-DC9DBB1A39E3}.Release|Any CPU.Build.0 = Release|Any CPU
	EndGlobalSection
	GlobalSection(SolutionProperties) = preSolution
		HideSolutionNode = FALSE
	EndGlobalSection
EndGlobal
